{
  "pins" : [
    {
      "identity" : "utilities",
      "kind" : "remoteSourceControl",
      "location" : "https://github.com/Oliver-Binns/Utilities.git",
      "state" : {
        "branch" : "main",
        "revision" : "f5ce667eb2cbd14a08e86f08eaafbdfd2692a8be"
      }
    }
  ],
  "version" : 2
}
