// !$*UTF8*$!
{
	archiveVersion = 1;
	classes = {
	};
	objectVersion = 56;
	objects = {

/* Begin PBXBuildFile section */
		7C7491502975D26300AC7B82 /* InfoView.swift in Sources */ = {isa = PBXBuildFile; fileRef = 7C74914F2975D26300AC7B82 /* InfoView.swift */; };
		7C7491522975D40700AC7B82 /* URL+Identifiable.swift in Sources */ = {isa = PBXBuildFile; fileRef = 7C7491512975D40700AC7B82 /* URL+Identifiable.swift */; };
		7C7491542975D42A00AC7B82 /* URL+Conferences.swift in Sources */ = {isa = PBXBuildFile; fileRef = 7C7491532975D42A00AC7B82 /* URL+Conferences.swift */; };
		7C7491562975D73400AC7B82 /* View+Section.swift in Sources */ = {isa = PBXBuildFile; fileRef = 7C7491552975D73400AC7B82 /* View+Section.swift */; };
		7C85C1CA296D9C6D00A98BC5 /* SelectedTalksView.swift in Sources */ = {isa = PBXBuildFile; fileRef = 7C85C1C9296D9C6D00A98BC5 /* SelectedTalksView.swift */; };
		7C85C1CC296D9D4500A98BC5 /* SelectTalksView.swift in Sources */ = {isa = PBXBuildFile; fileRef = 7C85C1CB296D9D4500A98BC5 /* SelectTalksView.swift */; };
		7C85C1CE296DAEE500A98BC5 /* ManagedObjectContext.swift in Sources */ = {isa = PBXBuildFile; fileRef = 7C85C1CD296DAEE500A98BC5 /* ManagedObjectContext.swift */; };
		7C85C1D0296DC47200A98BC5 /* Idea+Comparable.swift in Sources */ = {isa = PBXBuildFile; fileRef = 7C85C1CF296DC47200A98BC5 /* Idea+Comparable.swift */; };
		7CA45EAA296CC3F200A18941 /* CalendarView.swift in Sources */ = {isa = PBXBuildFile; fileRef = 7CA45EA9296CC3F200A18941 /* CalendarView.swift */; };
		7CA45EAC296CC56B00A18941 /* AddToCalendarButton.swift in Sources */ = {isa = PBXBuildFile; fileRef = 7CA45EAB296CC56B00A18941 /* AddToCalendarButton.swift */; };
		7CB9E38229674D9600753EA3 /* SafariView.swift in Sources */ = {isa = PBXBuildFile; fileRef = 7CB9E38129674D9600753EA3 /* SafariView.swift */; };
		7CB9E384296751D400753EA3 /* CountdownText.swift in Sources */ = {isa = PBXBuildFile; fileRef = 7CB9E383296751D400753EA3 /* CountdownText.swift */; };
		7CB9E38729675E2000753EA3 /* Conference.swift in Sources */ = {isa = PBXBuildFile; fileRef = 7CB9E38629675E2000753EA3 /* Conference.swift */; };
		7CB9E38A29675E3D00753EA3 /* Venue.swift in Sources */ = {isa = PBXBuildFile; fileRef = 7CB9E38929675E3D00753EA3 /* Venue.swift */; };
		7CB9E38F29675F3D00753EA3 /* Persistence+Preview.swift in Sources */ = {isa = PBXBuildFile; fileRef = 7CB9E38E29675F3D00753EA3 /* Persistence+Preview.swift */; };
		7CB9E392296763D000753EA3 /* Date+Extensions.swift in Sources */ = {isa = PBXBuildFile; fileRef = 7CB9E391296763D000753EA3 /* Date+Extensions.swift */; };
		7CB9E394296766B600753EA3 /* OptionalCollection+Extensions.swift in Sources */ = {isa = PBXBuildFile; fileRef = 7CB9E393296766B600753EA3 /* OptionalCollection+Extensions.swift */; };
		7CBAAC742969B2EF00096F1E /* CLLocationCoordinate2D+Codable.swift in Sources */ = {isa = PBXBuildFile; fileRef = 7CBAAC732969B2EF00096F1E /* CLLocationCoordinate2D+Codable.swift */; };
		7CBAAC762969B39400096F1E /* conferences.json in Resources */ = {isa = PBXBuildFile; fileRef = 7CBAAC752969B39400096F1E /* conferences.json */; };
		7CBAAC7A2969B3E900096F1E /* Conference+Data.swift in Sources */ = {isa = PBXBuildFile; fileRef = 7CBAAC792969B3E900096F1E /* Conference+Data.swift */; };
		7CC336FE297B0F9B007C0364 /* SortModel.swift in Sources */ = {isa = PBXBuildFile; fileRef = 7CC336FD297B0F9B007C0364 /* SortModel.swift */; };
		7CC33702297B1D6A007C0364 /* PublicDatabase.swift in Sources */ = {isa = PBXBuildFile; fileRef = 7CC33701297B1D6A007C0364 /* PublicDatabase.swift */; };
		7CC33704297B5180007C0364 /* Venue+Queryable.swift in Sources */ = {isa = PBXBuildFile; fileRef = 7CC33703297B5180007C0364 /* Venue+Queryable.swift */; };
		7CC33706297B51A1007C0364 /* Conference+Queryable.swift in Sources */ = {isa = PBXBuildFile; fileRef = 7CC33705297B51A1007C0364 /* Conference+Queryable.swift */; };
		7CC33709297B594F007C0364 /* CloudKit+Concurrency.swift in Sources */ = {isa = PBXBuildFile; fileRef = 7CC33708297B594F007C0364 /* CloudKit+Concurrency.swift */; };
		7CCA101C296F542200E1833D /* SortView.swift in Sources */ = {isa = PBXBuildFile; fileRef = 7CCA101B296F542200E1833D /* SortView.swift */; };
		7CCA101E296F611100E1833D /* Collection+Sorting.swift in Sources */ = {isa = PBXBuildFile; fileRef = 7CCA101D296F611100E1833D /* Collection+Sorting.swift */; };
		7CD7C80E2965F4B100B56632 /* ConferencesApp.swift in Sources */ = {isa = PBXBuildFile; fileRef = 7CD7C80D2965F4B100B56632 /* ConferencesApp.swift */; };
		7CD7C8102965F4B100B56632 /* Persistence.swift in Sources */ = {isa = PBXBuildFile; fileRef = 7CD7C80F2965F4B100B56632 /* Persistence.swift */; };
		7CD7C8132965F4B100B56632 /* Conferences.xcdatamodeld in Sources */ = {isa = PBXBuildFile; fileRef = 7CD7C8112965F4B100B56632 /* Conferences.xcdatamodeld */; };
		7CD7C8152965F4B100B56632 /* IdeasList.swift in Sources */ = {isa = PBXBuildFile; fileRef = 7CD7C8142965F4B100B56632 /* IdeasList.swift */; };
		7CD7C8172965F4B200B56632 /* Assets.xcassets in Resources */ = {isa = PBXBuildFile; fileRef = 7CD7C8162965F4B200B56632 /* Assets.xcassets */; };
		7CD7C81B2965F4B300B56632 /* Preview Assets.xcassets in Resources */ = {isa = PBXBuildFile; fileRef = 7CD7C81A2965F4B300B56632 /* Preview Assets.xcassets */; };
		7CD7C8252965F4B300B56632 /* ConferencesTests.swift in Sources */ = {isa = PBXBuildFile; fileRef = 7CD7C8242965F4B300B56632 /* ConferencesTests.swift */; };
		7CD7C82F2965F4B300B56632 /* ConferencesUITests.swift in Sources */ = {isa = PBXBuildFile; fileRef = 7CD7C82E2965F4B300B56632 /* ConferencesUITests.swift */; };
		7CD7C8312965F4B300B56632 /* ConferencesUITestsLaunchTests.swift in Sources */ = {isa = PBXBuildFile; fileRef = 7CD7C8302965F4B300B56632 /* ConferencesUITestsLaunchTests.swift */; };
		7CD7C8402965F85B00B56632 /* CloudKit.framework in Frameworks */ = {isa = PBXBuildFile; fileRef = 7CD7C83F2965F85B00B56632 /* CloudKit.framework */; };
		7CD7C8432965FEFC00B56632 /* ConferenceList.swift in Sources */ = {isa = PBXBuildFile; fileRef = 7CD7C8422965FEFC00B56632 /* ConferenceList.swift */; };
		7CD7C846296603DB00B56632 /* CreateIdea.swift in Sources */ = {isa = PBXBuildFile; fileRef = 7CD7C845296603DB00B56632 /* CreateIdea.swift */; };
		7CD7C848296615B400B56632 /* SmallConferenceView.swift in Sources */ = {isa = PBXBuildFile; fileRef = 7CD7C847296615B400B56632 /* SmallConferenceView.swift */; };
		7CD7C84A29661AAE00B56632 /* ConferenceDetailView.swift in Sources */ = {isa = PBXBuildFile; fileRef = 7CD7C84929661AAE00B56632 /* ConferenceDetailView.swift */; };
/* End PBXBuildFile section */

/* Begin PBXContainerItemProxy section */
		7CD7C8212965F4B300B56632 /* PBXContainerItemProxy */ = {
			isa = PBXContainerItemProxy;
			containerPortal = 7CD7C8022965F4B100B56632 /* Project object */;
			proxyType = 1;
			remoteGlobalIDString = 7CD7C8092965F4B100B56632;
			remoteInfo = Conferences;
		};
		7CD7C82B2965F4B300B56632 /* PBXContainerItemProxy */ = {
			isa = PBXContainerItemProxy;
			containerPortal = 7CD7C8022965F4B100B56632 /* Project object */;
			proxyType = 1;
			remoteGlobalIDString = 7CD7C8092965F4B100B56632;
			remoteInfo = Conferences;
		};
/* End PBXContainerItemProxy section */

/* Begin PBXFileReference section */
		7C74914F2975D26300AC7B82 /* InfoView.swift */ = {isa = PBXFileReference; lastKnownFileType = sourcecode.swift; path = InfoView.swift; sourceTree = "<group>"; };
		7C7491512975D40700AC7B82 /* URL+Identifiable.swift */ = {isa = PBXFileReference; lastKnownFileType = sourcecode.swift; path = "URL+Identifiable.swift"; sourceTree = "<group>"; };
		7C7491532975D42A00AC7B82 /* URL+Conferences.swift */ = {isa = PBXFileReference; lastKnownFileType = sourcecode.swift; path = "URL+Conferences.swift"; sourceTree = "<group>"; };
		7C7491552975D73400AC7B82 /* View+Section.swift */ = {isa = PBXFileReference; lastKnownFileType = sourcecode.swift; path = "View+Section.swift"; sourceTree = "<group>"; };
		7C85C1C9296D9C6D00A98BC5 /* SelectedTalksView.swift */ = {isa = PBXFileReference; lastKnownFileType = sourcecode.swift; path = SelectedTalksView.swift; sourceTree = "<group>"; };
		7C85C1CB296D9D4500A98BC5 /* SelectTalksView.swift */ = {isa = PBXFileReference; lastKnownFileType = sourcecode.swift; path = SelectTalksView.swift; sourceTree = "<group>"; };
		7C85C1CD296DAEE500A98BC5 /* ManagedObjectContext.swift */ = {isa = PBXFileReference; lastKnownFileType = sourcecode.swift; path = ManagedObjectContext.swift; sourceTree = "<group>"; };
		7C85C1CF296DC47200A98BC5 /* Idea+Comparable.swift */ = {isa = PBXFileReference; lastKnownFileType = sourcecode.swift; path = "Idea+Comparable.swift"; sourceTree = "<group>"; };
		7CA45EA9296CC3F200A18941 /* CalendarView.swift */ = {isa = PBXFileReference; lastKnownFileType = sourcecode.swift; path = CalendarView.swift; sourceTree = "<group>"; };
		7CA45EAB296CC56B00A18941 /* AddToCalendarButton.swift */ = {isa = PBXFileReference; lastKnownFileType = sourcecode.swift; path = AddToCalendarButton.swift; sourceTree = "<group>"; };
		7CB9E38129674D9600753EA3 /* SafariView.swift */ = {isa = PBXFileReference; lastKnownFileType = sourcecode.swift; path = SafariView.swift; sourceTree = "<group>"; };
		7CB9E383296751D400753EA3 /* CountdownText.swift */ = {isa = PBXFileReference; lastKnownFileType = sourcecode.swift; path = CountdownText.swift; sourceTree = "<group>"; };
		7CB9E38629675E2000753EA3 /* Conference.swift */ = {isa = PBXFileReference; lastKnownFileType = sourcecode.swift; path = Conference.swift; sourceTree = "<group>"; };
		7CB9E38929675E3D00753EA3 /* Venue.swift */ = {isa = PBXFileReference; lastKnownFileType = sourcecode.swift; path = Venue.swift; sourceTree = "<group>"; };
		7CB9E38E29675F3D00753EA3 /* Persistence+Preview.swift */ = {isa = PBXFileReference; lastKnownFileType = sourcecode.swift; path = "Persistence+Preview.swift"; sourceTree = "<group>"; };
		7CB9E391296763D000753EA3 /* Date+Extensions.swift */ = {isa = PBXFileReference; lastKnownFileType = sourcecode.swift; path = "Date+Extensions.swift"; sourceTree = "<group>"; };
		7CB9E393296766B600753EA3 /* OptionalCollection+Extensions.swift */ = {isa = PBXFileReference; lastKnownFileType = sourcecode.swift; path = "OptionalCollection+Extensions.swift"; sourceTree = "<group>"; };
		7CBAAC732969B2EF00096F1E /* CLLocationCoordinate2D+Codable.swift */ = {isa = PBXFileReference; lastKnownFileType = sourcecode.swift; path = "CLLocationCoordinate2D+Codable.swift"; sourceTree = "<group>"; };
		7CBAAC752969B39400096F1E /* conferences.json */ = {isa = PBXFileReference; lastKnownFileType = text.json; path = conferences.json; sourceTree = "<group>"; };
		7CBAAC792969B3E900096F1E /* Conference+Data.swift */ = {isa = PBXFileReference; lastKnownFileType = sourcecode.swift; path = "Conference+Data.swift"; sourceTree = "<group>"; };
		7CC336FD297B0F9B007C0364 /* SortModel.swift */ = {isa = PBXFileReference; lastKnownFileType = sourcecode.swift; path = SortModel.swift; sourceTree = "<group>"; };
		7CC33701297B1D6A007C0364 /* PublicDatabase.swift */ = {isa = PBXFileReference; lastKnownFileType = sourcecode.swift; path = PublicDatabase.swift; sourceTree = "<group>"; };
		7CC33703297B5180007C0364 /* Venue+Queryable.swift */ = {isa = PBXFileReference; lastKnownFileType = sourcecode.swift; path = "Venue+Queryable.swift"; sourceTree = "<group>"; };
		7CC33705297B51A1007C0364 /* Conference+Queryable.swift */ = {isa = PBXFileReference; lastKnownFileType = sourcecode.swift; path = "Conference+Queryable.swift"; sourceTree = "<group>"; };
		7CC33708297B594F007C0364 /* CloudKit+Concurrency.swift */ = {isa = PBXFileReference; lastKnownFileType = sourcecode.swift; path = "CloudKit+Concurrency.swift"; sourceTree = "<group>"; };
		7CCA101B296F542200E1833D /* SortView.swift */ = {isa = PBXFileReference; lastKnownFileType = sourcecode.swift; path = SortView.swift; sourceTree = "<group>"; };
		7CCA101D296F611100E1833D /* Collection+Sorting.swift */ = {isa = PBXFileReference; lastKnownFileType = sourcecode.swift; path = "Collection+Sorting.swift"; sourceTree = "<group>"; };
		7CD7C80A2965F4B100B56632 /* Conferences.app */ = {isa = PBXFileReference; explicitFileType = wrapper.application; includeInIndex = 0; path = Conferences.app; sourceTree = BUILT_PRODUCTS_DIR; };
		7CD7C80D2965F4B100B56632 /* ConferencesApp.swift */ = {isa = PBXFileReference; lastKnownFileType = sourcecode.swift; path = ConferencesApp.swift; sourceTree = "<group>"; };
		7CD7C80F2965F4B100B56632 /* Persistence.swift */ = {isa = PBXFileReference; lastKnownFileType = sourcecode.swift; path = Persistence.swift; sourceTree = "<group>"; };
		7CD7C8122965F4B100B56632 /* Conferences.xcdatamodel */ = {isa = PBXFileReference; lastKnownFileType = wrapper.xcdatamodel; path = Conferences.xcdatamodel; sourceTree = "<group>"; };
		7CD7C8142965F4B100B56632 /* IdeasList.swift */ = {isa = PBXFileReference; lastKnownFileType = sourcecode.swift; path = IdeasList.swift; sourceTree = "<group>"; };
		7CD7C8162965F4B200B56632 /* Assets.xcassets */ = {isa = PBXFileReference; lastKnownFileType = folder.assetcatalog; path = Assets.xcassets; sourceTree = "<group>"; };
		7CD7C8182965F4B300B56632 /* Conferences.entitlements */ = {isa = PBXFileReference; lastKnownFileType = text.plist.entitlements; path = Conferences.entitlements; sourceTree = "<group>"; };
		7CD7C81A2965F4B300B56632 /* Preview Assets.xcassets */ = {isa = PBXFileReference; lastKnownFileType = folder.assetcatalog; path = "Preview Assets.xcassets"; sourceTree = "<group>"; };
		7CD7C8202965F4B300B56632 /* ConferencesTests.xctest */ = {isa = PBXFileReference; explicitFileType = wrapper.cfbundle; includeInIndex = 0; path = ConferencesTests.xctest; sourceTree = BUILT_PRODUCTS_DIR; };
		7CD7C8242965F4B300B56632 /* ConferencesTests.swift */ = {isa = PBXFileReference; lastKnownFileType = sourcecode.swift; path = ConferencesTests.swift; sourceTree = "<group>"; };
		7CD7C82A2965F4B300B56632 /* ConferencesUITests.xctest */ = {isa = PBXFileReference; explicitFileType = wrapper.cfbundle; includeInIndex = 0; path = ConferencesUITests.xctest; sourceTree = BUILT_PRODUCTS_DIR; };
		7CD7C82E2965F4B300B56632 /* ConferencesUITests.swift */ = {isa = PBXFileReference; lastKnownFileType = sourcecode.swift; path = ConferencesUITests.swift; sourceTree = "<group>"; };
		7CD7C8302965F4B300B56632 /* ConferencesUITestsLaunchTests.swift */ = {isa = PBXFileReference; lastKnownFileType = sourcecode.swift; path = ConferencesUITestsLaunchTests.swift; sourceTree = "<group>"; };
		7CD7C83D2965F5A900B56632 /* Info.plist */ = {isa = PBXFileReference; lastKnownFileType = text.plist; path = Info.plist; sourceTree = "<group>"; };
		7CD7C83F2965F85B00B56632 /* CloudKit.framework */ = {isa = PBXFileReference; lastKnownFileType = wrapper.framework; name = CloudKit.framework; path = Platforms/iPhoneOS.platform/Developer/SDKs/iPhoneOS16.1.sdk/System/Library/Frameworks/CloudKit.framework; sourceTree = DEVELOPER_DIR; };
		7CD7C8422965FEFC00B56632 /* ConferenceList.swift */ = {isa = PBXFileReference; lastKnownFileType = sourcecode.swift; path = ConferenceList.swift; sourceTree = "<group>"; };
		7CD7C845296603DB00B56632 /* CreateIdea.swift */ = {isa = PBXFileReference; lastKnownFileType = sourcecode.swift; path = CreateIdea.swift; sourceTree = "<group>"; };
		7CD7C847296615B400B56632 /* SmallConferenceView.swift */ = {isa = PBXFileReference; lastKnownFileType = sourcecode.swift; path = SmallConferenceView.swift; sourceTree = "<group>"; };
		7CD7C84929661AAE00B56632 /* ConferenceDetailView.swift */ = {isa = PBXFileReference; lastKnownFileType = sourcecode.swift; path = ConferenceDetailView.swift; sourceTree = "<group>"; };
/* End PBXFileReference section */

/* Begin PBXFrameworksBuildPhase section */
		7CD7C8072965F4B100B56632 /* Frameworks */ = {
			isa = PBXFrameworksBuildPhase;
			buildActionMask = 2147483647;
			files = (
				7CD7C8402965F85B00B56632 /* CloudKit.framework in Frameworks */,
			);
			runOnlyForDeploymentPostprocessing = 0;
		};
		7CD7C81D2965F4B300B56632 /* Frameworks */ = {
			isa = PBXFrameworksBuildPhase;
			buildActionMask = 2147483647;
			files = (
			);
			runOnlyForDeploymentPostprocessing = 0;
		};
		7CD7C8272965F4B300B56632 /* Frameworks */ = {
			isa = PBXFrameworksBuildPhase;
			buildActionMask = 2147483647;
			files = (
			);
			runOnlyForDeploymentPostprocessing = 0;
		};
/* End PBXFrameworksBuildPhase section */

/* Begin PBXGroup section */
		7C74914E2975D25900AC7B82 /* Info */ = {
			isa = PBXGroup;
			children = (
				7C74914F2975D26300AC7B82 /* InfoView.swift */,
			);
			path = Info;
			sourceTree = "<group>";
		};
		7CB9E38029674D8900753EA3 /* View */ = {
			isa = PBXGroup;
			children = (
				7CB9E38129674D9600753EA3 /* SafariView.swift */,
				7CB9E383296751D400753EA3 /* CountdownText.swift */,
				7CA45EA9296CC3F200A18941 /* CalendarView.swift */,
				7CA45EAB296CC56B00A18941 /* AddToCalendarButton.swift */,
			);
			path = View;
			sourceTree = "<group>";
		};
		7CB9E38529675E1600753EA3 /* Model */ = {
			isa = PBXGroup;
			children = (
				7CB9E38629675E2000753EA3 /* Conference.swift */,
				7CB9E38929675E3D00753EA3 /* Venue.swift */,
				7CBAAC792969B3E900096F1E /* Conference+Data.swift */,
				7C85C1CF296DC47200A98BC5 /* Idea+Comparable.swift */,
			);
			path = Model;
			sourceTree = "<group>";
		};
		7CB9E38D29675F3000753EA3 /* Persistence */ = {
			isa = PBXGroup;
			children = (
				7CC33700297B1D5F007C0364 /* CloudKit */,
				7CC336FF297B1D51007C0364 /* CoreData */,
			);
			path = Persistence;
			sourceTree = "<group>";
		};
		7CB9E390296763BA00753EA3 /* Extensions */ = {
			isa = PBXGroup;
			children = (
				7CC33707297B5943007C0364 /* CloudKit */,
				7CB9E391296763D000753EA3 /* Date+Extensions.swift */,
				7CB9E393296766B600753EA3 /* OptionalCollection+Extensions.swift */,
				7CBAAC732969B2EF00096F1E /* CLLocationCoordinate2D+Codable.swift */,
				7CCA101D296F611100E1833D /* Collection+Sorting.swift */,
				7C7491512975D40700AC7B82 /* URL+Identifiable.swift */,
				7C7491532975D42A00AC7B82 /* URL+Conferences.swift */,
				7C7491552975D73400AC7B82 /* View+Section.swift */,
			);
			path = Extensions;
			sourceTree = "<group>";
		};
		7CBAAC702969ABF500096F1E /* Detail */ = {
			isa = PBXGroup;
			children = (
				7CD7C84929661AAE00B56632 /* ConferenceDetailView.swift */,
				7C85C1C9296D9C6D00A98BC5 /* SelectedTalksView.swift */,
				7C85C1CB296D9D4500A98BC5 /* SelectTalksView.swift */,
			);
			path = Detail;
			sourceTree = "<group>";
		};
		7CC336FF297B1D51007C0364 /* CoreData */ = {
			isa = PBXGroup;
			children = (
				7CD7C80F2965F4B100B56632 /* Persistence.swift */,
				7CB9E38E29675F3D00753EA3 /* Persistence+Preview.swift */,
				7C85C1CD296DAEE500A98BC5 /* ManagedObjectContext.swift */,
			);
			path = CoreData;
			sourceTree = "<group>";
		};
		7CC33700297B1D5F007C0364 /* CloudKit */ = {
			isa = PBXGroup;
			children = (
				7CC33701297B1D6A007C0364 /* PublicDatabase.swift */,
				7CC33703297B5180007C0364 /* Venue+Queryable.swift */,
				7CC33705297B51A1007C0364 /* Conference+Queryable.swift */,
			);
			path = CloudKit;
			sourceTree = "<group>";
		};
		7CC33707297B5943007C0364 /* CloudKit */ = {
			isa = PBXGroup;
			children = (
				7CC33708297B594F007C0364 /* CloudKit+Concurrency.swift */,
			);
			path = CloudKit;
			sourceTree = "<group>";
		};
		7CCA101A296F541800E1833D /* Sorting */ = {
			isa = PBXGroup;
			children = (
				7CCA101B296F542200E1833D /* SortView.swift */,
				7CC336FD297B0F9B007C0364 /* SortModel.swift */,
			);
			path = Sorting;
			sourceTree = "<group>";
		};
		7CD7C8012965F4B100B56632 = {
			isa = PBXGroup;
			children = (
				7CD7C80C2965F4B100B56632 /* Conferences */,
				7CD7C8232965F4B300B56632 /* ConferencesTests */,
				7CD7C82D2965F4B300B56632 /* ConferencesUITests */,
				7CD7C80B2965F4B100B56632 /* Products */,
				7CD7C83E2965F85B00B56632 /* Frameworks */,
			);
			sourceTree = "<group>";
		};
		7CD7C80B2965F4B100B56632 /* Products */ = {
			isa = PBXGroup;
			children = (
				7CD7C80A2965F4B100B56632 /* Conferences.app */,
				7CD7C8202965F4B300B56632 /* ConferencesTests.xctest */,
				7CD7C82A2965F4B300B56632 /* ConferencesUITests.xctest */,
			);
			name = Products;
			sourceTree = "<group>";
		};
		7CD7C80C2965F4B100B56632 /* Conferences */ = {
			isa = PBXGroup;
			children = (
				7C74914E2975D25900AC7B82 /* Info */,
				7CB9E390296763BA00753EA3 /* Extensions */,
				7CB9E38D29675F3000753EA3 /* Persistence */,
				7CB9E38529675E1600753EA3 /* Model */,
				7CB9E38029674D8900753EA3 /* View */,
				7CD7C844296603CD00B56632 /* Brainstorm */,
				7CD7C8412965FEEE00B56632 /* Conferences */,
				7CD7C83D2965F5A900B56632 /* Info.plist */,
				7CD7C80D2965F4B100B56632 /* ConferencesApp.swift */,
				7CD7C8162965F4B200B56632 /* Assets.xcassets */,
				7CD7C8182965F4B300B56632 /* Conferences.entitlements */,
				7CD7C8112965F4B100B56632 /* Conferences.xcdatamodeld */,
				7CD7C8192965F4B300B56632 /* Preview Content */,
				7CBAAC752969B39400096F1E /* conferences.json */,
			);
			path = Conferences;
			sourceTree = "<group>";
		};
		7CD7C8192965F4B300B56632 /* Preview Content */ = {
			isa = PBXGroup;
			children = (
				7CD7C81A2965F4B300B56632 /* Preview Assets.xcassets */,
			);
			path = "Preview Content";
			sourceTree = "<group>";
		};
		7CD7C8232965F4B300B56632 /* ConferencesTests */ = {
			isa = PBXGroup;
			children = (
				7CD7C8242965F4B300B56632 /* ConferencesTests.swift */,
			);
			path = ConferencesTests;
			sourceTree = "<group>";
		};
		7CD7C82D2965F4B300B56632 /* ConferencesUITests */ = {
			isa = PBXGroup;
			children = (
				7CD7C82E2965F4B300B56632 /* ConferencesUITests.swift */,
				7CD7C8302965F4B300B56632 /* ConferencesUITestsLaunchTests.swift */,
			);
			path = ConferencesUITests;
			sourceTree = "<group>";
		};
		7CD7C83E2965F85B00B56632 /* Frameworks */ = {
			isa = PBXGroup;
			children = (
				7CD7C83F2965F85B00B56632 /* CloudKit.framework */,
			);
			name = Frameworks;
			sourceTree = "<group>";
		};
		7CD7C8412965FEEE00B56632 /* Conferences */ = {
			isa = PBXGroup;
			children = (
				7CCA101A296F541800E1833D /* Sorting */,
				7CBAAC702969ABF500096F1E /* Detail */,
				7CD7C8422965FEFC00B56632 /* ConferenceList.swift */,
				7CD7C847296615B400B56632 /* SmallConferenceView.swift */,
			);
			path = Conferences;
			sourceTree = "<group>";
		};
		7CD7C844296603CD00B56632 /* Brainstorm */ = {
			isa = PBXGroup;
			children = (
				7CD7C8142965F4B100B56632 /* IdeasList.swift */,
				7CD7C845296603DB00B56632 /* CreateIdea.swift */,
			);
			path = Brainstorm;
			sourceTree = "<group>";
		};
/* End PBXGroup section */

/* Begin PBXNativeTarget section */
		7CD7C8092965F4B100B56632 /* Conferences */ = {
			isa = PBXNativeTarget;
			buildConfigurationList = 7CD7C8342965F4B300B56632 /* Build configuration list for PBXNativeTarget "Conferences" */;
			buildPhases = (
				7CD7C8062965F4B100B56632 /* Sources */,
				7CD7C8072965F4B100B56632 /* Frameworks */,
				7CD7C8082965F4B100B56632 /* Resources */,
			);
			buildRules = (
			);
			dependencies = (
			);
			name = Conferences;
			productName = Conferences;
			productReference = 7CD7C80A2965F4B100B56632 /* Conferences.app */;
			productType = "com.apple.product-type.application";
		};
		7CD7C81F2965F4B300B56632 /* ConferencesTests */ = {
			isa = PBXNativeTarget;
			buildConfigurationList = 7CD7C8372965F4B300B56632 /* Build configuration list for PBXNativeTarget "ConferencesTests" */;
			buildPhases = (
				7CD7C81C2965F4B300B56632 /* Sources */,
				7CD7C81D2965F4B300B56632 /* Frameworks */,
				7CD7C81E2965F4B300B56632 /* Resources */,
			);
			buildRules = (
			);
			dependencies = (
				7CD7C8222965F4B300B56632 /* PBXTargetDependency */,
			);
			name = ConferencesTests;
			productName = ConferencesTests;
			productReference = 7CD7C8202965F4B300B56632 /* ConferencesTests.xctest */;
			productType = "com.apple.product-type.bundle.unit-test";
		};
		7CD7C8292965F4B300B56632 /* ConferencesUITests */ = {
			isa = PBXNativeTarget;
			buildConfigurationList = 7CD7C83A2965F4B300B56632 /* Build configuration list for PBXNativeTarget "ConferencesUITests" */;
			buildPhases = (
				7CD7C8262965F4B300B56632 /* Sources */,
				7CD7C8272965F4B300B56632 /* Frameworks */,
				7CD7C8282965F4B300B56632 /* Resources */,
			);
			buildRules = (
			);
			dependencies = (
				7CD7C82C2965F4B300B56632 /* PBXTargetDependency */,
			);
			name = ConferencesUITests;
			productName = ConferencesUITests;
			productReference = 7CD7C82A2965F4B300B56632 /* ConferencesUITests.xctest */;
			productType = "com.apple.product-type.bundle.ui-testing";
		};
/* End PBXNativeTarget section */

/* Begin PBXProject section */
		7CD7C8022965F4B100B56632 /* Project object */ = {
			isa = PBXProject;
			attributes = {
				BuildIndependentTargetsInParallel = 1;
				LastSwiftUpdateCheck = 1410;
				LastUpgradeCheck = 1410;
				TargetAttributes = {
					7CD7C8092965F4B100B56632 = {
						CreatedOnToolsVersion = 14.1;
					};
					7CD7C81F2965F4B300B56632 = {
						CreatedOnToolsVersion = 14.1;
						TestTargetID = 7CD7C8092965F4B100B56632;
					};
					7CD7C8292965F4B300B56632 = {
						CreatedOnToolsVersion = 14.1;
						TestTargetID = 7CD7C8092965F4B100B56632;
					};
				};
			};
			buildConfigurationList = 7CD7C8052965F4B100B56632 /* Build configuration list for PBXProject "Conferences" */;
			compatibilityVersion = "Xcode 14.0";
			developmentRegion = en;
			hasScannedForEncodings = 0;
			knownRegions = (
				en,
				Base,
			);
			mainGroup = 7CD7C8012965F4B100B56632;
			productRefGroup = 7CD7C80B2965F4B100B56632 /* Products */;
			projectDirPath = "";
			projectRoot = "";
			targets = (
				7CD7C8092965F4B100B56632 /* Conferences */,
				7CD7C81F2965F4B300B56632 /* ConferencesTests */,
				7CD7C8292965F4B300B56632 /* ConferencesUITests */,
			);
		};
/* End PBXProject section */

/* Begin PBXResourcesBuildPhase section */
		7CD7C8082965F4B100B56632 /* Resources */ = {
			isa = PBXResourcesBuildPhase;
			buildActionMask = 2147483647;
			files = (
				7CD7C81B2965F4B300B56632 /* Preview Assets.xcassets in Resources */,
				7CD7C8172965F4B200B56632 /* Assets.xcassets in Resources */,
				7CBAAC762969B39400096F1E /* conferences.json in Resources */,
			);
			runOnlyForDeploymentPostprocessing = 0;
		};
		7CD7C81E2965F4B300B56632 /* Resources */ = {
			isa = PBXResourcesBuildPhase;
			buildActionMask = 2147483647;
			files = (
			);
			runOnlyForDeploymentPostprocessing = 0;
		};
		7CD7C8282965F4B300B56632 /* Resources */ = {
			isa = PBXResourcesBuildPhase;
			buildActionMask = 2147483647;
			files = (
			);
			runOnlyForDeploymentPostprocessing = 0;
		};
/* End PBXResourcesBuildPhase section */

/* Begin PBXSourcesBuildPhase section */
		7CD7C8062965F4B100B56632 /* Sources */ = {
			isa = PBXSourcesBuildPhase;
			buildActionMask = 2147483647;
			files = (
				7C7491562975D73400AC7B82 /* View+Section.swift in Sources */,
				7CD7C80E2965F4B100B56632 /* ConferencesApp.swift in Sources */,
				7CBAAC7A2969B3E900096F1E /* Conference+Data.swift in Sources */,
				7CB9E38A29675E3D00753EA3 /* Venue.swift in Sources */,
				7CB9E38229674D9600753EA3 /* SafariView.swift in Sources */,
				7CC336FE297B0F9B007C0364 /* SortModel.swift in Sources */,
				7CCA101C296F542200E1833D /* SortView.swift in Sources */,
				7C7491542975D42A00AC7B82 /* URL+Conferences.swift in Sources */,
				7CCA101E296F611100E1833D /* Collection+Sorting.swift in Sources */,
				7C85C1D0296DC47200A98BC5 /* Idea+Comparable.swift in Sources */,
				7CB9E394296766B600753EA3 /* OptionalCollection+Extensions.swift in Sources */,
				7CB9E384296751D400753EA3 /* CountdownText.swift in Sources */,
				7CBAAC742969B2EF00096F1E /* CLLocationCoordinate2D+Codable.swift in Sources */,
				7CB9E38F29675F3D00753EA3 /* Persistence+Preview.swift in Sources */,
				7CD7C8102965F4B100B56632 /* Persistence.swift in Sources */,
				7C85C1CA296D9C6D00A98BC5 /* SelectedTalksView.swift in Sources */,
				7CA45EAC296CC56B00A18941 /* AddToCalendarButton.swift in Sources */,
				7CD7C8152965F4B100B56632 /* IdeasList.swift in Sources */,
				7CD7C84A29661AAE00B56632 /* ConferenceDetailView.swift in Sources */,
				7CC33706297B51A1007C0364 /* Conference+Queryable.swift in Sources */,
				7C85C1CC296D9D4500A98BC5 /* SelectTalksView.swift in Sources */,
				7CC33704297B5180007C0364 /* Venue+Queryable.swift in Sources */,
				7CA45EAA296CC3F200A18941 /* CalendarView.swift in Sources */,
				7C7491502975D26300AC7B82 /* InfoView.swift in Sources */,
				7CB9E392296763D000753EA3 /* Date+Extensions.swift in Sources */,
				7CB9E38729675E2000753EA3 /* Conference.swift in Sources */,
				7CD7C848296615B400B56632 /* SmallConferenceView.swift in Sources */,
				7CC33702297B1D6A007C0364 /* PublicDatabase.swift in Sources */,
				7C7491522975D40700AC7B82 /* URL+Identifiable.swift in Sources */,
				7C85C1CE296DAEE500A98BC5 /* ManagedObjectContext.swift in Sources */,
				7CC33709297B594F007C0364 /* CloudKit+Concurrency.swift in Sources */,
				7CD7C8132965F4B100B56632 /* Conferences.xcdatamodeld in Sources */,
				7CD7C846296603DB00B56632 /* CreateIdea.swift in Sources */,
				7CD7C8432965FEFC00B56632 /* ConferenceList.swift in Sources */,
			);
			runOnlyForDeploymentPostprocessing = 0;
		};
		7CD7C81C2965F4B300B56632 /* Sources */ = {
			isa = PBXSourcesBuildPhase;
			buildActionMask = 2147483647;
			files = (
				7CD7C8252965F4B300B56632 /* ConferencesTests.swift in Sources */,
			);
			runOnlyForDeploymentPostprocessing = 0;
		};
		7CD7C8262965F4B300B56632 /* Sources */ = {
			isa = PBXSourcesBuildPhase;
			buildActionMask = 2147483647;
			files = (
				7CD7C8312965F4B300B56632 /* ConferencesUITestsLaunchTests.swift in Sources */,
				7CD7C82F2965F4B300B56632 /* ConferencesUITests.swift in Sources */,
			);
			runOnlyForDeploymentPostprocessing = 0;
		};
/* End PBXSourcesBuildPhase section */

/* Begin PBXTargetDependency section */
		7CD7C8222965F4B300B56632 /* PBXTargetDependency */ = {
			isa = PBXTargetDependency;
			target = 7CD7C8092965F4B100B56632 /* Conferences */;
			targetProxy = 7CD7C8212965F4B300B56632 /* PBXContainerItemProxy */;
		};
		7CD7C82C2965F4B300B56632 /* PBXTargetDependency */ = {
			isa = PBXTargetDependency;
			target = 7CD7C8092965F4B100B56632 /* Conferences */;
			targetProxy = 7CD7C82B2965F4B300B56632 /* PBXContainerItemProxy */;
		};
/* End PBXTargetDependency section */

/* Begin XCBuildConfiguration section */
		7CD7C8322965F4B300B56632 /* Debug */ = {
			isa = XCBuildConfiguration;
			buildSettings = {
				ALWAYS_SEARCH_USER_PATHS = NO;
				CLANG_ANALYZER_NONNULL = YES;
				CLANG_ANALYZER_NUMBER_OBJECT_CONVERSION = YES_AGGRESSIVE;
				CLANG_CXX_LANGUAGE_STANDARD = "gnu++20";
				CLANG_ENABLE_MODULES = YES;
				CLANG_ENABLE_OBJC_ARC = YES;
				CLANG_ENABLE_OBJC_WEAK = YES;
				CLANG_WARN_BLOCK_CAPTURE_AUTORELEASING = YES;
				CLANG_WARN_BOOL_CONVERSION = YES;
				CLANG_WARN_COMMA = YES;
				CLANG_WARN_CONSTANT_CONVERSION = YES;
				CLANG_WARN_DEPRECATED_OBJC_IMPLEMENTATIONS = YES;
				CLANG_WARN_DIRECT_OBJC_ISA_USAGE = YES_ERROR;
				CLANG_WARN_DOCUMENTATION_COMMENTS = YES;
				CLANG_WARN_EMPTY_BODY = YES;
				CLANG_WARN_ENUM_CONVERSION = YES;
				CLANG_WARN_INFINITE_RECURSION = YES;
				CLANG_WARN_INT_CONVERSION = YES;
				CLANG_WARN_NON_LITERAL_NULL_CONVERSION = YES;
				CLANG_WARN_OBJC_IMPLICIT_RETAIN_SELF = YES;
				CLANG_WARN_OBJC_LITERAL_CONVERSION = YES;
				CLANG_WARN_OBJC_ROOT_CLASS = YES_ERROR;
				CLANG_WARN_QUOTED_INCLUDE_IN_FRAMEWORK_HEADER = YES;
				CLANG_WARN_RANGE_LOOP_ANALYSIS = YES;
				CLANG_WARN_STRICT_PROTOTYPES = YES;
				CLANG_WARN_SUSPICIOUS_MOVE = YES;
				CLANG_WARN_UNGUARDED_AVAILABILITY = YES_AGGRESSIVE;
				CLANG_WARN_UNREACHABLE_CODE = YES;
				CLANG_WARN__DUPLICATE_METHOD_MATCH = YES;
				COPY_PHASE_STRIP = NO;
				DEBUG_INFORMATION_FORMAT = dwarf;
				ENABLE_STRICT_OBJC_MSGSEND = YES;
				ENABLE_TESTABILITY = YES;
				GCC_C_LANGUAGE_STANDARD = gnu11;
				GCC_DYNAMIC_NO_PIC = NO;
				GCC_NO_COMMON_BLOCKS = YES;
				GCC_OPTIMIZATION_LEVEL = 0;
				GCC_PREPROCESSOR_DEFINITIONS = (
					"DEBUG=1",
					"$(inherited)",
				);
				GCC_WARN_64_TO_32_BIT_CONVERSION = YES;
				GCC_WARN_ABOUT_RETURN_TYPE = YES_ERROR;
				GCC_WARN_UNDECLARED_SELECTOR = YES;
				GCC_WARN_UNINITIALIZED_AUTOS = YES_AGGRESSIVE;
				GCC_WARN_UNUSED_FUNCTION = YES;
				GCC_WARN_UNUSED_VARIABLE = YES;
				MTL_ENABLE_DEBUG_INFO = INCLUDE_SOURCE;
				MTL_FAST_MATH = YES;
				ONLY_ACTIVE_ARCH = YES;
				SWIFT_ACTIVE_COMPILATION_CONDITIONS = DEBUG;
				SWIFT_OPTIMIZATION_LEVEL = "-Onone";
			};
			name = Debug;
		};
		7CD7C8332965F4B300B56632 /* Release */ = {
			isa = XCBuildConfiguration;
			buildSettings = {
				ALWAYS_SEARCH_USER_PATHS = NO;
				CLANG_ANALYZER_NONNULL = YES;
				CLANG_ANALYZER_NUMBER_OBJECT_CONVERSION = YES_AGGRESSIVE;
				CLANG_CXX_LANGUAGE_STANDARD = "gnu++20";
				CLANG_ENABLE_MODULES = YES;
				CLANG_ENABLE_OBJC_ARC = YES;
				CLANG_ENABLE_OBJC_WEAK = YES;
				CLANG_WARN_BLOCK_CAPTURE_AUTORELEASING = YES;
				CLANG_WARN_BOOL_CONVERSION = YES;
				CLANG_WARN_COMMA = YES;
				CLANG_WARN_CONSTANT_CONVERSION = YES;
				CLANG_WARN_DEPRECATED_OBJC_IMPLEMENTATIONS = YES;
				CLANG_WARN_DIRECT_OBJC_ISA_USAGE = YES_ERROR;
				CLANG_WARN_DOCUMENTATION_COMMENTS = YES;
				CLANG_WARN_EMPTY_BODY = YES;
				CLANG_WARN_ENUM_CONVERSION = YES;
				CLANG_WARN_INFINITE_RECURSION = YES;
				CLANG_WARN_INT_CONVERSION = YES;
				CLANG_WARN_NON_LITERAL_NULL_CONVERSION = YES;
				CLANG_WARN_OBJC_IMPLICIT_RETAIN_SELF = YES;
				CLANG_WARN_OBJC_LITERAL_CONVERSION = YES;
				CLANG_WARN_OBJC_ROOT_CLASS = YES_ERROR;
				CLANG_WARN_QUOTED_INCLUDE_IN_FRAMEWORK_HEADER = YES;
				CLANG_WARN_RANGE_LOOP_ANALYSIS = YES;
				CLANG_WARN_STRICT_PROTOTYPES = YES;
				CLANG_WARN_SUSPICIOUS_MOVE = YES;
				CLANG_WARN_UNGUARDED_AVAILABILITY = YES_AGGRESSIVE;
				CLANG_WARN_UNREACHABLE_CODE = YES;
				CLANG_WARN__DUPLICATE_METHOD_MATCH = YES;
				COPY_PHASE_STRIP = NO;
				DEBUG_INFORMATION_FORMAT = "dwarf-with-dsym";
				ENABLE_NS_ASSERTIONS = NO;
				ENABLE_STRICT_OBJC_MSGSEND = YES;
				GCC_C_LANGUAGE_STANDARD = gnu11;
				GCC_NO_COMMON_BLOCKS = YES;
				GCC_WARN_64_TO_32_BIT_CONVERSION = YES;
				GCC_WARN_ABOUT_RETURN_TYPE = YES_ERROR;
				GCC_WARN_UNDECLARED_SELECTOR = YES;
				GCC_WARN_UNINITIALIZED_AUTOS = YES_AGGRESSIVE;
				GCC_WARN_UNUSED_FUNCTION = YES;
				GCC_WARN_UNUSED_VARIABLE = YES;
				MTL_ENABLE_DEBUG_INFO = NO;
				MTL_FAST_MATH = YES;
				SWIFT_COMPILATION_MODE = wholemodule;
				SWIFT_OPTIMIZATION_LEVEL = "-O";
			};
			name = Release;
		};
		7CD7C8352965F4B300B56632 /* Debug */ = {
			isa = XCBuildConfiguration;
			buildSettings = {
				ASSETCATALOG_COMPILER_APPICON_NAME = AppIcon;
				ASSETCATALOG_COMPILER_GLOBAL_ACCENT_COLOR_NAME = AccentColor;
				CODE_SIGN_ENTITLEMENTS = Conferences/Conferences.entitlements;
				CODE_SIGN_STYLE = Automatic;
				CURRENT_PROJECT_VERSION = 1;
				DEVELOPMENT_ASSET_PATHS = "\"Conferences/Preview Content\"";
				DEVELOPMENT_TEAM = Z86DH46P79;
				ENABLE_HARDENED_RUNTIME = YES;
				ENABLE_PREVIEWS = YES;
				GENERATE_INFOPLIST_FILE = YES;
				INFOPLIST_FILE = Conferences/Info.plist;
				INFOPLIST_KEY_NSCalendarsUsageDescription = "Easily add conferences to your calendar.";
				"INFOPLIST_KEY_UIApplicationSceneManifest_Generation[sdk=iphoneos*]" = YES;
				"INFOPLIST_KEY_UIApplicationSceneManifest_Generation[sdk=iphonesimulator*]" = YES;
				"INFOPLIST_KEY_UIApplicationSupportsIndirectInputEvents[sdk=iphoneos*]" = YES;
				"INFOPLIST_KEY_UIApplicationSupportsIndirectInputEvents[sdk=iphonesimulator*]" = YES;
				"INFOPLIST_KEY_UILaunchScreen_Generation[sdk=iphoneos*]" = YES;
				"INFOPLIST_KEY_UILaunchScreen_Generation[sdk=iphonesimulator*]" = YES;
				"INFOPLIST_KEY_UIStatusBarStyle[sdk=iphoneos*]" = UIStatusBarStyleDefault;
				"INFOPLIST_KEY_UIStatusBarStyle[sdk=iphonesimulator*]" = UIStatusBarStyleDefault;
				INFOPLIST_KEY_UISupportedInterfaceOrientations_iPad = "UIInterfaceOrientationPortrait UIInterfaceOrientationPortraitUpsideDown UIInterfaceOrientationLandscapeLeft UIInterfaceOrientationLandscapeRight";
				INFOPLIST_KEY_UISupportedInterfaceOrientations_iPhone = "UIInterfaceOrientationPortrait UIInterfaceOrientationLandscapeLeft UIInterfaceOrientationLandscapeRight";
				IPHONEOS_DEPLOYMENT_TARGET = 16.1;
				LD_RUNPATH_SEARCH_PATHS = "@executable_path/Frameworks";
				"LD_RUNPATH_SEARCH_PATHS[sdk=macosx*]" = "@executable_path/../Frameworks";
				MACOSX_DEPLOYMENT_TARGET = 12.6;
				MARKETING_VERSION = 1.0;
				PRODUCT_BUNDLE_IDENTIFIER = uk.co.oliverbinns.conferences;
				PRODUCT_NAME = "$(TARGET_NAME)";
				SDKROOT = auto;
				SUPPORTED_PLATFORMS = "iphoneos iphonesimulator macosx";
				SWIFT_EMIT_LOC_STRINGS = YES;
				SWIFT_VERSION = 5.0;
				TARGETED_DEVICE_FAMILY = "1,2";
			};
			name = Debug;
		};
		7CD7C8362965F4B300B56632 /* Release */ = {
			isa = XCBuildConfiguration;
			buildSettings = {
				ASSETCATALOG_COMPILER_APPICON_NAME = AppIcon;
				ASSETCATALOG_COMPILER_GLOBAL_ACCENT_COLOR_NAME = AccentColor;
				CODE_SIGN_ENTITLEMENTS = Conferences/Conferences.entitlements;
				CODE_SIGN_STYLE = Automatic;
				CURRENT_PROJECT_VERSION = 1;
				DEVELOPMENT_ASSET_PATHS = "\"Conferences/Preview Content\"";
				DEVELOPMENT_TEAM = Z86DH46P79;
				ENABLE_HARDENED_RUNTIME = YES;
				ENABLE_PREVIEWS = YES;
				GENERATE_INFOPLIST_FILE = YES;
				INFOPLIST_FILE = Conferences/Info.plist;
				INFOPLIST_KEY_NSCalendarsUsageDescription = "Easily add conferences to your calendar.";
				"INFOPLIST_KEY_UIApplicationSceneManifest_Generation[sdk=iphoneos*]" = YES;
				"INFOPLIST_KEY_UIApplicationSceneManifest_Generation[sdk=iphonesimulator*]" = YES;
				"INFOPLIST_KEY_UIApplicationSupportsIndirectInputEvents[sdk=iphoneos*]" = YES;
				"INFOPLIST_KEY_UIApplicationSupportsIndirectInputEvents[sdk=iphonesimulator*]" = YES;
				"INFOPLIST_KEY_UILaunchScreen_Generation[sdk=iphoneos*]" = YES;
				"INFOPLIST_KEY_UILaunchScreen_Generation[sdk=iphonesimulator*]" = YES;
				"INFOPLIST_KEY_UIStatusBarStyle[sdk=iphoneos*]" = UIStatusBarStyleDefault;
				"INFOPLIST_KEY_UIStatusBarStyle[sdk=iphonesimulator*]" = UIStatusBarStyleDefault;
				INFOPLIST_KEY_UISupportedInterfaceOrientations_iPad = "UIInterfaceOrientationPortrait UIInterfaceOrientationPortraitUpsideDown UIInterfaceOrientationLandscapeLeft UIInterfaceOrientationLandscapeRight";
				INFOPLIST_KEY_UISupportedInterfaceOrientations_iPhone = "UIInterfaceOrientationPortrait UIInterfaceOrientationLandscapeLeft UIInterfaceOrientationLandscapeRight";
				IPHONEOS_DEPLOYMENT_TARGET = 16.1;
				LD_RUNPATH_SEARCH_PATHS = "@executable_path/Frameworks";
				"LD_RUNPATH_SEARCH_PATHS[sdk=macosx*]" = "@executable_path/../Frameworks";
				MACOSX_DEPLOYMENT_TARGET = 12.6;
				MARKETING_VERSION = 1.0;
				PRODUCT_BUNDLE_IDENTIFIER = uk.co.oliverbinns.conferences;
				PRODUCT_NAME = "$(TARGET_NAME)";
				SDKROOT = auto;
				SUPPORTED_PLATFORMS = "iphoneos iphonesimulator macosx";
				SWIFT_EMIT_LOC_STRINGS = YES;
				SWIFT_VERSION = 5.0;
				TARGETED_DEVICE_FAMILY = "1,2";
			};
			name = Release;
		};
		7CD7C8382965F4B300B56632 /* Debug */ = {
			isa = XCBuildConfiguration;
			buildSettings = {
				ALWAYS_EMBED_SWIFT_STANDARD_LIBRARIES = YES;
				BUNDLE_LOADER = "$(TEST_HOST)";
				CODE_SIGN_STYLE = Automatic;
				CURRENT_PROJECT_VERSION = 1;
				DEVELOPMENT_TEAM = Z86DH46P79;
				GENERATE_INFOPLIST_FILE = YES;
				IPHONEOS_DEPLOYMENT_TARGET = 16.1;
				MACOSX_DEPLOYMENT_TARGET = 12.6;
				MARKETING_VERSION = 1.0;
				PRODUCT_BUNDLE_IDENTIFIER = uk.co.oliverbinns.ConferencesTests;
				PRODUCT_NAME = "$(TARGET_NAME)";
				SDKROOT = auto;
				SUPPORTED_PLATFORMS = "iphoneos iphonesimulator macosx";
				SWIFT_EMIT_LOC_STRINGS = NO;
				SWIFT_VERSION = 5.0;
				TARGETED_DEVICE_FAMILY = "1,2";
				TEST_HOST = "$(BUILT_PRODUCTS_DIR)/Conferences.app/$(BUNDLE_EXECUTABLE_FOLDER_PATH)/Conferences";
			};
			name = Debug;
		};
		7CD7C8392965F4B300B56632 /* Release */ = {
			isa = XCBuildConfiguration;
			buildSettings = {
				ALWAYS_EMBED_SWIFT_STANDARD_LIBRARIES = YES;
				BUNDLE_LOADER = "$(TEST_HOST)";
				CODE_SIGN_STYLE = Automatic;
				CURRENT_PROJECT_VERSION = 1;
				DEVELOPMENT_TEAM = Z86DH46P79;
				GENERATE_INFOPLIST_FILE = YES;
				IPHONEOS_DEPLOYMENT_TARGET = 16.1;
				MACOSX_DEPLOYMENT_TARGET = 12.6;
				MARKETING_VERSION = 1.0;
				PRODUCT_BUNDLE_IDENTIFIER = uk.co.oliverbinns.ConferencesTests;
				PRODUCT_NAME = "$(TARGET_NAME)";
				SDKROOT = auto;
				SUPPORTED_PLATFORMS = "iphoneos iphonesimulator macosx";
				SWIFT_EMIT_LOC_STRINGS = NO;
				SWIFT_VERSION = 5.0;
				TARGETED_DEVICE_FAMILY = "1,2";
				TEST_HOST = "$(BUILT_PRODUCTS_DIR)/Conferences.app/$(BUNDLE_EXECUTABLE_FOLDER_PATH)/Conferences";
			};
			name = Release;
		};
		7CD7C83B2965F4B300B56632 /* Debug */ = {
			isa = XCBuildConfiguration;
			buildSettings = {
				ALWAYS_EMBED_SWIFT_STANDARD_LIBRARIES = YES;
				CODE_SIGN_STYLE = Automatic;
				CURRENT_PROJECT_VERSION = 1;
				DEVELOPMENT_TEAM = Z86DH46P79;
				GENERATE_INFOPLIST_FILE = YES;
				IPHONEOS_DEPLOYMENT_TARGET = 16.1;
				MACOSX_DEPLOYMENT_TARGET = 12.6;
				MARKETING_VERSION = 1.0;
				PRODUCT_BUNDLE_IDENTIFIER = uk.co.oliverbinns.ConferencesUITests;
				PRODUCT_NAME = "$(TARGET_NAME)";
				SDKROOT = auto;
				SUPPORTED_PLATFORMS = "iphoneos iphonesimulator macosx";
				SWIFT_EMIT_LOC_STRINGS = NO;
				SWIFT_VERSION = 5.0;
				TARGETED_DEVICE_FAMILY = "1,2";
				TEST_TARGET_NAME = Conferences;
			};
			name = Debug;
		};
		7CD7C83C2965F4B300B56632 /* Release */ = {
			isa = XCBuildConfiguration;
			buildSettings = {
				ALWAYS_EMBED_SWIFT_STANDARD_LIBRARIES = YES;
				CODE_SIGN_STYLE = Automatic;
				CURRENT_PROJECT_VERSION = 1;
				DEVELOPMENT_TEAM = Z86DH46P79;
				GENERATE_INFOPLIST_FILE = YES;
				IPHONEOS_DEPLOYMENT_TARGET = 16.1;
				MACOSX_DEPLOYMENT_TARGET = 12.6;
				MARKETING_VERSION = 1.0;
				PRODUCT_BUNDLE_IDENTIFIER = uk.co.oliverbinns.ConferencesUITests;
				PRODUCT_NAME = "$(TARGET_NAME)";
				SDKROOT = auto;
				SUPPORTED_PLATFORMS = "iphoneos iphonesimulator macosx";
				SWIFT_EMIT_LOC_STRINGS = NO;
				SWIFT_VERSION = 5.0;
				TARGETED_DEVICE_FAMILY = "1,2";
				TEST_TARGET_NAME = Conferences;
			};
			name = Release;
		};
/* End XCBuildConfiguration section */

/* Begin XCConfigurationList section */
		7CD7C8052965F4B100B56632 /* Build configuration list for PBXProject "Conferences" */ = {
			isa = XCConfigurationList;
			buildConfigurations = (
				7CD7C8322965F4B300B56632 /* Debug */,
				7CD7C8332965F4B300B56632 /* Release */,
			);
			defaultConfigurationIsVisible = 0;
			defaultConfigurationName = Release;
		};
		7CD7C8342965F4B300B56632 /* Build configuration list for PBXNativeTarget "Conferences" */ = {
			isa = XCConfigurationList;
			buildConfigurations = (
				7CD7C8352965F4B300B56632 /* Debug */,
				7CD7C8362965F4B300B56632 /* Release */,
			);
			defaultConfigurationIsVisible = 0;
			defaultConfigurationName = Release;
		};
		7CD7C8372965F4B300B56632 /* Build configuration list for PBXNativeTarget "ConferencesTests" */ = {
			isa = XCConfigurationList;
			buildConfigurations = (
				7CD7C8382965F4B300B56632 /* Debug */,
				7CD7C8392965F4B300B56632 /* Release */,
			);
			defaultConfigurationIsVisible = 0;
			defaultConfigurationName = Release;
		};
		7CD7C83A2965F4B300B56632 /* Build configuration list for PBXNativeTarget "ConferencesUITests" */ = {
			isa = XCConfigurationList;
			buildConfigurations = (
				7CD7C83B2965F4B300B56632 /* Debug */,
				7CD7C83C2965F4B300B56632 /* Release */,
			);
			defaultConfigurationIsVisible = 0;
			defaultConfigurationName = Release;
		};
/* End XCConfigurationList section */

/* Begin XCVersionGroup section */
		7CD7C8112965F4B100B56632 /* Conferences.xcdatamodeld */ = {
			isa = XCVersionGroup;
			children = (
				7CD7C8122965F4B100B56632 /* Conferences.xcdatamodel */,
			);
			currentVersion = 7CD7C8122965F4B100B56632 /* Conferences.xcdatamodel */;
			path = Conferences.xcdatamodeld;
			sourceTree = "<group>";
			versionGroupType = wrapper.xcdatamodel;
		};
/* End XCVersionGroup section */
	};
	rootObject = 7CD7C8022965F4B100B56632 /* Project object */;
}
